
Microsoft Visual Studio Solution File, Format Version 12.00
# Visual Studio Version 17
VisualStudioVersion = 17.3.32804.467
MinimumVisualStudioVersion = 10.0.40219.1
Project("{FAE04EC0-301F-11D3-BF4B-00C04F79EFBC}") = "WCFOrders", "WCFOrders.csproj", "{74F64AE9-7E82-45F3-B4B6-B5DC00F66C1A}"
EndProject
Project("{9A19103F-16F7-4668-BE54-9A1E7A4F7556}") = "OrdersRestAPI", "..\OrdersRestAPI\OrdersRestAPI.csproj", "{D64971E9-D13A-4205-8126-280108D23B04}"
EndProject
Project("{9A19103F-16F7-4668-BE54-9A1E7A4F7556}") = "OrdersData", "..\OrdersData\OrdersData.csproj", "{FD8BDFD6-4120-4AE5-8145-7E52D9E9B1EF}"
EndProject
Project("{FAE04EC0-301F-11D3-BF4B-00C04F79EFBC}") = "AppMobileOrders.UWP", "..\AppMobileOrders\AppMobileOrders.UWP\AppMobileOrders.UWP.csproj", "{3BEEFBC5-872B-43F5-82A4-043BC90EB992}"
EndProject
Project("{FAE04EC0-301F-11D3-BF4B-00C04F79EFBC}") = "AppMobileOrders.Android", "..\AppMobileOrders\AppMobileOrders.Android\AppMobileOrders.Android.csproj", "{140FD51B-1E87-492B-978A-7EC298624FB1}"
EndProject
Project("{FAE04EC0-301F-11D3-BF4B-00C04F79EFBC}") = "AppMobileOrders.iOS", "..\AppMobileOrders\AppMobileOrders.iOS\AppMobileOrders.iOS.csproj", "{A7AE3EA2-22FB-4A6C-AEF0-4E495076F07E}"
EndProject
Project("{FAE04EC0-301F-11D3-BF4B-00C04F79EFBC}") = "AppMobileOrders", "..\AppMobileOrders\AppMobileOrders\AppMobileOrders.csproj", "{68726B0B-0956-4727-8ADE-70FDFDAE85DA}"
EndProject
Global
	GlobalSection(SolutionConfigurationPlatforms) = preSolution
		Debug|Any CPU = Debug|Any CPU
		Debug|ARM = Debug|ARM
		Debug|iPhone = Debug|iPhone
		Debug|iPhoneSimulator = Debug|iPhoneSimulator
		Debug|x64 = Debug|x64
		Debug|x86 = Debug|x86
		Release|Any CPU = Release|Any CPU
		Release|ARM = Release|ARM
		Release|iPhone = Release|iPhone
		Release|iPhoneSimulator = Release|iPhoneSimulator
		Release|x64 = Release|x64
		Release|x86 = Release|x86
	EndGlobalSection
	GlobalSection(ProjectConfigurationPlatforms) = postSolution
		{74F64AE9-7E82-45F3-B4B6-B5DC00F66C1A}.Debug|Any CPU.ActiveCfg = Debug|Any CPU
		{74F64AE9-7E82-45F3-B4B6-B5DC00F66C1A}.Debug|Any CPU.Build.0 = Debug|Any CPU
		{74F64AE9-7E82-45F3-B4B6-B5DC00F66C1A}.Debug|ARM.ActiveCfg = Debug|Any CPU
		{74F64AE9-7E82-45F3-B4B6-B5DC00F66C1A}.Debug|ARM.Build.0 = Debug|Any CPU
		{74F64AE9-7E82-45F3-B4B6-B5DC00F66C1A}.Debug|iPhone.ActiveCfg = Debug|Any CPU
		{74F64AE9-7E82-45F3-B4B6-B5DC00F66C1A}.Debug|iPhone.Build.0 = Debug|Any CPU
		{74F64AE9-7E82-45F3-B4B6-B5DC00F66C1A}.Debug|iPhoneSimulator.ActiveCfg = Debug|Any CPU
		{74F64AE9-7E82-45F3-B4B6-B5DC00F66C1A}.Debug|iPhoneSimulator.Build.0 = Debug|Any CPU
		{74F64AE9-7E82-45F3-B4B6-B5DC00F66C1A}.Debug|x64.ActiveCfg = Debug|Any CPU
		{74F64AE9-7E82-45F3-B4B6-B5DC00F66C1A}.Debug|x64.Build.0 = Debug|Any CPU
		{74F64AE9-7E82-45F3-B4B6-B5DC00F66C1A}.Debug|x86.ActiveCfg = Debug|Any CPU
		{74F64AE9-7E82-45F3-B4B6-B5DC00F66C1A}.Debug|x86.Build.0 = Debug|Any CPU
		{74F64AE9-7E82-45F3-B4B6-B5DC00F66C1A}.Release|Any CPU.ActiveCfg = Release|Any CPU
		{74F64AE9-7E82-45F3-B4B6-B5DC00F66C1A}.Release|Any CPU.Build.0 = Release|Any CPU
		{74F64AE9-7E82-45F3-B4B6-B5DC00F66C1A}.Release|ARM.ActiveCfg = Release|Any CPU
		{74F64AE9-7E82-45F3-B4B6-B5DC00F66C1A}.Release|ARM.Build.0 = Release|Any CPU
		{74F64AE9-7E82-45F3-B4B6-B5DC00F66C1A}.Release|iPhone.ActiveCfg = Release|Any CPU
		{74F64AE9-7E82-45F3-B4B6-B5DC00F66C1A}.Release|iPhone.Build.0 = Release|Any CPU
		{74F64AE9-7E82-45F3-B4B6-B5DC00F66C1A}.Release|iPhoneSimulator.ActiveCfg = Release|Any CPU
		{74F64AE9-7E82-45F3-B4B6-B5DC00F66C1A}.Release|iPhoneSimulator.Build.0 = Release|Any CPU
		{74F64AE9-7E82-45F3-B4B6-B5DC00F66C1A}.Release|x64.ActiveCfg = Release|Any CPU
		{74F64AE9-7E82-45F3-B4B6-B5DC00F66C1A}.Release|x64.Build.0 = Release|Any CPU
		{74F64AE9-7E82-45F3-B4B6-B5DC00F66C1A}.Release|x86.ActiveCfg = Release|Any CPU
		{74F64AE9-7E82-45F3-B4B6-B5DC00F66C1A}.Release|x86.Build.0 = Release|Any CPU
		{D64971E9-D13A-4205-8126-280108D23B04}.Debug|Any CPU.ActiveCfg = Debug|Any CPU
		{D64971E9-D13A-4205-8126-280108D23B04}.Debug|Any CPU.Build.0 = Debug|Any CPU
		{D64971E9-D13A-4205-8126-280108D23B04}.Debug|ARM.ActiveCfg = Debug|Any CPU
		{D64971E9-D13A-4205-8126-280108D23B04}.Debug|ARM.Build.0 = Debug|Any CPU
		{D64971E9-D13A-4205-8126-280108D23B04}.Debug|iPhone.ActiveCfg = Debug|Any CPU
		{D64971E9-D13A-4205-8126-280108D23B04}.Debug|iPhone.Build.0 = Debug|Any CPU
		{D64971E9-D13A-4205-8126-280108D23B04}.Debug|iPhoneSimulator.ActiveCfg = Debug|Any CPU
		{D64971E9-D13A-4205-8126-280108D23B04}.Debug|iPhoneSimulator.Build.0 = Debug|Any CPU
		{D64971E9-D13A-4205-8126-280108D23B04}.Debug|x64.ActiveCfg = Debug|Any CPU
		{D64971E9-D13A-4205-8126-280108D23B04}.Debug|x64.Build.0 = Debug|Any CPU
		{D64971E9-D13A-4205-8126-280108D23B04}.Debug|x86.ActiveCfg = Debug|Any CPU
		{D64971E9-D13A-4205-8126-280108D23B04}.Debug|x86.Build.0 = Debug|Any CPU
		{D64971E9-D13A-4205-8126-280108D23B04}.Release|Any CPU.ActiveCfg = Release|Any CPU
		{D64971E9-D13A-4205-8126-280108D23B04}.Release|Any CPU.Build.0 = Release|Any CPU
		{D64971E9-D13A-4205-8126-280108D23B04}.Release|ARM.ActiveCfg = Release|Any CPU
		{D64971E9-D13A-4205-8126-280108D23B04}.Release|ARM.Build.0 = Release|Any CPU
		{D64971E9-D13A-4205-8126-280108D23B04}.Release|iPhone.ActiveCfg = Release|Any CPU
		{D64971E9-D13A-4205-8126-280108D23B04}.Release|iPhone.Build.0 = Release|Any CPU
		{D64971E9-D13A-4205-8126-280108D23B04}.Release|iPhoneSimulator.ActiveCfg = Release|Any CPU
		{D64971E9-D13A-4205-8126-280108D23B04}.Release|iPhoneSimulator.Build.0 = Release|Any CPU
		{D64971E9-D13A-4205-8126-280108D23B04}.Release|x64.ActiveCfg = Release|Any CPU
		{D64971E9-D13A-4205-8126-280108D23B04}.Release|x64.Build.0 = Release|Any CPU
		{D64971E9-D13A-4205-8126-280108D23B04}.Release|x86.ActiveCfg = Release|Any CPU
		{D64971E9-D13A-4205-8126-280108D23B04}.Release|x86.Build.0 = Release|Any CPU
		{FD8BDFD6-4120-4AE5-8145-7E52D9E9B1EF}.Debug|Any CPU.ActiveCfg = Debug|Any CPU
		{FD8BDFD6-4120-4AE5-8145-7E52D9E9B1EF}.Debug|Any CPU.Build.0 = Debug|Any CPU
		{FD8BDFD6-4120-4AE5-8145-7E52D9E9B1EF}.Debug|ARM.ActiveCfg = Debug|Any CPU
		{FD8BDFD6-4120-4AE5-8145-7E52D9E9B1EF}.Debug|ARM.Build.0 = Debug|Any CPU
		{FD8BDFD6-4120-4AE5-8145-7E52D9E9B1EF}.Debug|iPhone.ActiveCfg = Debug|Any CPU
		{FD8BDFD6-4120-4AE5-8145-7E52D9E9B1EF}.Debug|iPhone.Build.0 = Debug|Any CPU
		{FD8BDFD6-4120-4AE5-8145-7E52D9E9B1EF}.Debug|iPhoneSimulator.ActiveCfg = Debug|Any CPU
		{FD8BDFD6-4120-4AE5-8145-7E52D9E9B1EF}.Debug|iPhoneSimulator.Build.0 = Debug|Any CPU
		{FD8BDFD6-4120-4AE5-8145-7E52D9E9B1EF}.Debug|x64.ActiveCfg = Debug|Any CPU
		{FD8BDFD6-4120-4AE5-8145-7E52D9E9B1EF}.Debug|x64.Build.0 = Debug|Any CPU
		{FD8BDFD6-4120-4AE5-8145-7E52D9E9B1EF}.Debug|x86.ActiveCfg = Debug|Any CPU
		{FD8BDFD6-4120-4AE5-8145-7E52D9E9B1EF}.Debug|x86.Build.0 = Debug|Any CPU
		{FD8BDFD6-4120-4AE5-8145-7E52D9E9B1EF}.Release|Any CPU.ActiveCfg = Release|Any CPU
		{FD8BDFD6-4120-4AE5-8145-7E52D9E9B1EF}.Release|Any CPU.Build.0 = Release|Any CPU
		{FD8BDFD6-4120-4AE5-8145-7E52D9E9B1EF}.Release|ARM.ActiveCfg = Release|Any CPU
		{FD8BDFD6-4120-4AE5-8145-7E52D9E9B1EF}.Release|ARM.Build.0 = Release|Any CPU
		{FD8BDFD6-4120-4AE5-8145-7E52D9E9B1EF}.Release|iPhone.ActiveCfg = Release|Any CPU
		{FD8BDFD6-4120-4AE5-8145-7E52D9E9B1EF}.Release|iPhone.Build.0 = Release|Any CPU
		{FD8BDFD6-4120-4AE5-8145-7E52D9E9B1EF}.Release|iPhoneSimulator.ActiveCfg = Release|Any CPU
		{FD8BDFD6-4120-4AE5-8145-7E52D9E9B1EF}.Release|iPhoneSimulator.Build.0 = Release|Any CPU
		{FD8BDFD6-4120-4AE5-8145-7E52D9E9B1EF}.Release|x64.ActiveCfg = Release|Any CPU
		{FD8BDFD6-4120-4AE5-8145-7E52D9E9B1EF}.Release|x64.Build.0 = Release|Any CPU
		{FD8BDFD6-4120-4AE5-8145-7E52D9E9B1EF}.Release|x86.ActiveCfg = Release|Any CPU
		{FD8BDFD6-4120-4AE5-8145-7E52D9E9B1EF}.Release|x86.Build.0 = Release|Any CPU
		{3BEEFBC5-872B-43F5-82A4-043BC90EB992}.Debug|Any CPU.ActiveCfg = Debug|x64
		{3BEEFBC5-872B-43F5-82A4-043BC90EB992}.Debug|Any CPU.Build.0 = Debug|x64
		{3BEEFBC5-872B-43F5-82A4-043BC90EB992}.Debug|Any CPU.Deploy.0 = Debug|x64
		{3BEEFBC5-872B-43F5-82A4-043BC90EB992}.Debug|ARM.ActiveCfg = Debug|ARM
		{3BEEFBC5-872B-43F5-82A4-043BC90EB992}.Debug|ARM.Build.0 = Debug|ARM
		{3BEEFBC5-872B-43F5-82A4-043BC90EB992}.Debug|ARM.Deploy.0 = Debug|ARM
		{3BEEFBC5-872B-43F5-82A4-043BC90EB992}.Debug|iPhone.ActiveCfg = Debug|x64
		{3BEEFBC5-872B-43F5-82A4-043BC90EB992}.Debug|iPhone.Build.0 = Debug|x64
		{3BEEFBC5-872B-43F5-82A4-043BC90EB992}.Debug|iPhone.Deploy.0 = Debug|x64
		{3BEEFBC5-872B-43F5-82A4-043BC90EB992}.Debug|iPhoneSimulator.ActiveCfg = Debug|x64
		{3BEEFBC5-872B-43F5-82A4-043BC90EB992}.Debug|iPhoneSimulator.Build.0 = Debug|x64
		{3BEEFBC5-872B-43F5-82A4-043BC90EB992}.Debug|iPhoneSimulator.Deploy.0 = Debug|x64
		{3BEEFBC5-872B-43F5-82A4-043BC90EB992}.Debug|x64.ActiveCfg = Debug|x64
		{3BEEFBC5-872B-43F5-82A4-043BC90EB992}.Debug|x64.Build.0 = Debug|x64
		{3BEEFBC5-872B-43F5-82A4-043BC90EB992}.Debug|x64.Deploy.0 = Debug|x64
		{3BEEFBC5-872B-43F5-82A4-043BC90EB992}.Debug|x86.ActiveCfg = Debug|x86
		{3BEEFBC5-872B-43F5-82A4-043BC90EB992}.Debug|x86.Build.0 = Debug|x86
		{3BEEFBC5-872B-43F5-82A4-043BC90EB992}.Debug|x86.Deploy.0 = Debug|x86
		{3BEEFBC5-872B-43F5-82A4-043BC90EB992}.Release|Any CPU.ActiveCfg = Release|x64
		{3BEEFBC5-872B-43F5-82A4-043BC90EB992}.Release|Any CPU.Build.0 = Release|x64
		{3BEEFBC5-872B-43F5-82A4-043BC90EB992}.Release|Any CPU.Deploy.0 = Release|x64
		{3BEEFBC5-872B-43F5-82A4-043BC90EB992}.Release|ARM.ActiveCfg = Release|ARM
		{3BEEFBC5-872B-43F5-82A4-043BC90EB992}.Release|ARM.Build.0 = Release|ARM
		{3BEEFBC5-872B-43F5-82A4-043BC90EB992}.Release|ARM.Deploy.0 = Release|ARM
		{3BEEFBC5-872B-43F5-82A4-043BC90EB992}.Release|iPhone.ActiveCfg = Release|x64
		{3BEEFBC5-872B-43F5-82A4-043BC90EB992}.Release|iPhone.Build.0 = Release|x64
		{3BEEFBC5-872B-43F5-82A4-043BC90EB992}.Release|iPhone.Deploy.0 = Release|x64
		{3BEEFBC5-872B-43F5-82A4-043BC90EB992}.Release|iPhoneSimulator.ActiveCfg = Release|x64
		{3BEEFBC5-872B-43F5-82A4-043BC90EB992}.Release|iPhoneSimulator.Build.0 = Release|x64
		{3BEEFBC5-872B-43F5-82A4-043BC90EB992}.Release|iPhoneSimulator.Deploy.0 = Release|x64
		{3BEEFBC5-872B-43F5-82A4-043BC90EB992}.Release|x64.ActiveCfg = Release|x64
		{3BEEFBC5-872B-43F5-82A4-043BC90EB992}.Release|x64.Build.0 = Release|x64
		{3BEEFBC5-872B-43F5-82A4-043BC90EB992}.Release|x64.Deploy.0 = Release|x64
		{3BEEFBC5-872B-43F5-82A4-043BC90EB992}.Release|x86.ActiveCfg = Release|x86
		{3BEEFBC5-872B-43F5-82A4-043BC90EB992}.Release|x86.Build.0 = Release|x86
		{3BEEFBC5-872B-43F5-82A4-043BC90EB992}.Release|x86.Deploy.0 = Release|x86
		{140FD51B-1E87-492B-978A-7EC298624FB1}.Debug|Any CPU.ActiveCfg = Debug|Any CPU
		{140FD51B-1E87-492B-978A-7EC298624FB1}.Debug|Any CPU.Build.0 = Debug|Any CPU
		{140FD51B-1E87-492B-978A-7EC298624FB1}.Debug|Any CPU.Deploy.0 = Debug|Any CPU
		{140FD51B-1E87-492B-978A-7EC298624FB1}.Debug|ARM.ActiveCfg = Debug|Any CPU
		{140FD51B-1E87-492B-978A-7EC298624FB1}.Debug|ARM.Build.0 = Debug|Any CPU
		{140FD51B-1E87-492B-978A-7EC298624FB1}.Debug|ARM.Deploy.0 = Debug|Any CPU
		{140FD51B-1E87-492B-978A-7EC298624FB1}.Debug|iPhone.ActiveCfg = Debug|Any CPU
		{140FD51B-1E87-492B-978A-7EC298624FB1}.Debug|iPhone.Build.0 = Debug|Any CPU
		{140FD51B-1E87-492B-978A-7EC298624FB1}.Debug|iPhone.Deploy.0 = Debug|Any CPU
		{140FD51B-1E87-492B-978A-7EC298624FB1}.Debug|iPhoneSimulator.ActiveCfg = Debug|Any CPU
		{140FD51B-1E87-492B-978A-7EC298624FB1}.Debug|iPhoneSimulator.Build.0 = Debug|Any CPU
		{140FD51B-1E87-492B-978A-7EC298624FB1}.Debug|iPhoneSimulator.Deploy.0 = Debug|Any CPU
		{140FD51B-1E87-492B-978A-7EC298624FB1}.Debug|x64.ActiveCfg = Debug|Any CPU
		{140FD51B-1E87-492B-978A-7EC298624FB1}.Debug|x64.Build.0 = Debug|Any CPU
		{140FD51B-1E87-492B-978A-7EC298624FB1}.Debug|x64.Deploy.0 = Debug|Any CPU
		{140FD51B-1E87-492B-978A-7EC298624FB1}.Debug|x86.ActiveCfg = Debug|Any CPU
		{140FD51B-1E87-492B-978A-7EC298624FB1}.Debug|x86.Build.0 = Debug|Any CPU
		{140FD51B-1E87-492B-978A-7EC298624FB1}.Debug|x86.Deploy.0 = Debug|Any CPU
		{140FD51B-1E87-492B-978A-7EC298624FB1}.Release|Any CPU.ActiveCfg = Release|Any CPU
		{140FD51B-1E87-492B-978A-7EC298624FB1}.Release|Any CPU.Build.0 = Release|Any CPU
		{140FD51B-1E87-492B-978A-7EC298624FB1}.Release|Any CPU.Deploy.0 = Release|Any CPU
		{140FD51B-1E87-492B-978A-7EC298624FB1}.Release|ARM.ActiveCfg = Release|Any CPU
		{140FD51B-1E87-492B-978A-7EC298624FB1}.Release|ARM.Build.0 = Release|Any CPU
		{140FD51B-1E87-492B-978A-7EC298624FB1}.Release|ARM.Deploy.0 = Release|Any CPU
		{140FD51B-1E87-492B-978A-7EC298624FB1}.Release|iPhone.ActiveCfg = Release|Any CPU
		{140FD51B-1E87-492B-978A-7EC298624FB1}.Release|iPhone.Build.0 = Release|Any CPU
		{140FD51B-1E87-492B-978A-7EC298624FB1}.Release|iPhone.Deploy.0 = Release|Any CPU
		{140FD51B-1E87-492B-978A-7EC298624FB1}.Release|iPhoneSimulator.ActiveCfg = Release|Any CPU
		{140FD51B-1E87-492B-978A-7EC298624FB1}.Release|iPhoneSimulator.Build.0 = Release|Any CPU
		{140FD51B-1E87-492B-978A-7EC298624FB1}.Release|iPhoneSimulator.Deploy.0 = Release|Any CPU
		{140FD51B-1E87-492B-978A-7EC298624FB1}.Release|x64.ActiveCfg = Release|Any CPU
		{140FD51B-1E87-492B-978A-7EC298624FB1}.Release|x64.Build.0 = Release|Any CPU
		{140FD51B-1E87-492B-978A-7EC298624FB1}.Release|x64.Deploy.0 = Release|Any CPU
		{140FD51B-1E87-492B-978A-7EC298624FB1}.Release|x86.ActiveCfg = Release|Any CPU
		{140FD51B-1E87-492B-978A-7EC298624FB1}.Release|x86.Build.0 = Release|Any CPU
		{140FD51B-1E87-492B-978A-7EC298624FB1}.Release|x86.Deploy.0 = Release|Any CPU
		{A7AE3EA2-22FB-4A6C-AEF0-4E495076F07E}.Debug|Any CPU.ActiveCfg = Debug|iPhoneSimulator
		{A7AE3EA2-22FB-4A6C-AEF0-4E495076F07E}.Debug|Any CPU.Build.0 = Debug|iPhoneSimulator
		{A7AE3EA2-22FB-4A6C-AEF0-4E495076F07E}.Debug|ARM.ActiveCfg = Debug|iPhoneSimulator
		{A7AE3EA2-22FB-4A6C-AEF0-4E495076F07E}.Debug|ARM.Build.0 = Debug|iPhoneSimulator
		{A7AE3EA2-22FB-4A6C-AEF0-4E495076F07E}.Debug|iPhone.ActiveCfg = Debug|iPhone
		{A7AE3EA2-22FB-4A6C-AEF0-4E495076F07E}.Debug|iPhone.Build.0 = Debug|iPhone
		{A7AE3EA2-22FB-4A6C-AEF0-4E495076F07E}.Debug|iPhoneSimulator.ActiveCfg = Debug|iPhoneSimulator
		{A7AE3EA2-22FB-4A6C-AEF0-4E495076F07E}.Debug|iPhoneSimulator.Build.0 = Debug|iPhoneSimulator
		{A7AE3EA2-22FB-4A6C-AEF0-4E495076F07E}.Debug|x64.ActiveCfg = Debug|iPhoneSimulator
		{A7AE3EA2-22FB-4A6C-AEF0-4E495076F07E}.Debug|x64.Build.0 = Debug|iPhoneSimulator
		{A7AE3EA2-22FB-4A6C-AEF0-4E495076F07E}.Debug|x86.ActiveCfg = Debug|iPhoneSimulator
		{A7AE3EA2-22FB-4A6C-AEF0-4E495076F07E}.Debug|x86.Build.0 = Debug|iPhoneSimulator
		{A7AE3EA2-22FB-4A6C-AEF0-4E495076F07E}.Release|Any CPU.ActiveCfg = Release|iPhoneSimulator
		{A7AE3EA2-22FB-4A6C-AEF0-4E495076F07E}.Release|Any CPU.Build.0 = Release|iPhoneSimulator
		{A7AE3EA2-22FB-4A6C-AEF0-4E495076F07E}.Release|ARM.ActiveCfg = Release|iPhoneSimulator
		{A7AE3EA2-22FB-4A6C-AEF0-4E495076F07E}.Release|ARM.Build.0 = Release|iPhoneSimulator
		{A7AE3EA2-22FB-4A6C-AEF0-4E495076F07E}.Release|iPhone.ActiveCfg = Release|iPhone
		{A7AE3EA2-22FB-4A6C-AEF0-4E495076F07E}.Release|iPhone.Build.0 = Release|iPhone
		{A7AE3EA2-22FB-4A6C-AEF0-4E495076F07E}.Release|iPhoneSimulator.ActiveCfg = Release|iPhoneSimulator
		{A7AE3EA2-22FB-4A6C-AEF0-4E495076F07E}.Release|iPhoneSimulator.Build.0 = Release|iPhoneSimulator
		{A7AE3EA2-22FB-4A6C-AEF0-4E495076F07E}.Release|x64.ActiveCfg = Release|iPhoneSimulator
		{A7AE3EA2-22FB-4A6C-AEF0-4E495076F07E}.Release|x64.Build.0 = Release|iPhoneSimulator
		{A7AE3EA2-22FB-4A6C-AEF0-4E495076F07E}.Release|x86.ActiveCfg = Release|iPhoneSimulator
		{A7AE3EA2-22FB-4A6C-AEF0-4E495076F07E}.Release|x86.Build.0 = Release|iPhoneSimulator
		{68726B0B-0956-4727-8ADE-70FDFDAE85DA}.Debug|Any CPU.ActiveCfg = Debug|Any CPU
		{68726B0B-0956-4727-8ADE-70FDFDAE85DA}.Debug|Any CPU.Build.0 = Debug|Any CPU
		{68726B0B-0956-4727-8ADE-70FDFDAE85DA}.Debug|ARM.ActiveCfg = Debug|Any CPU
		{68726B0B-0956-4727-8ADE-70FDFDAE85DA}.Debug|ARM.Build.0 = Debug|Any CPU
		{68726B0B-0956-4727-8ADE-70FDFDAE85DA}.Debug|iPhone.ActiveCfg = Debug|Any CPU
		{68726B0B-0956-4727-8ADE-70FDFDAE85DA}.Debug|iPhone.Build.0 = Debug|Any CPU
		{68726B0B-0956-4727-8ADE-70FDFDAE85DA}.Debug|iPhoneSimulator.ActiveCfg = Debug|Any CPU
		{68726B0B-0956-4727-8ADE-70FDFDAE85DA}.Debug|iPhoneSimulator.Build.0 = Debug|Any CPU
		{68726B0B-0956-4727-8ADE-70FDFDAE85DA}.Debug|x64.ActiveCfg = Debug|Any CPU
		{68726B0B-0956-4727-8ADE-70FDFDAE85DA}.Debug|x64.Build.0 = Debug|Any CPU
		{68726B0B-0956-4727-8ADE-70FDFDAE85DA}.Debug|x86.ActiveCfg = Debug|Any CPU
		{68726B0B-0956-4727-8ADE-70FDFDAE85DA}.Debug|x86.Build.0 = Debug|Any CPU
		{68726B0B-0956-4727-8ADE-70FDFDAE85DA}.Release|Any CPU.ActiveCfg = Release|Any CPU
		{68726B0B-0956-4727-8ADE-70FDFDAE85DA}.Release|Any CPU.Build.0 = Release|Any CPU
		{68726B0B-0956-4727-8ADE-70FDFDAE85DA}.Release|ARM.ActiveCfg = Release|Any CPU
		{68726B0B-0956-4727-8ADE-70FDFDAE85DA}.Release|ARM.Build.0 = Release|Any CPU
		{68726B0B-0956-4727-8ADE-70FDFDAE85DA}.Release|iPhone.ActiveCfg = Release|Any CPU
		{68726B0B-0956-4727-8ADE-70FDFDAE85DA}.Release|iPhone.Build.0 = Release|Any CPU
		{68726B0B-0956-4727-8ADE-70FDFDAE85DA}.Release|iPhoneSimulator.ActiveCfg = Release|Any CPU
		{68726B0B-0956-4727-8ADE-70FDFDAE85DA}.Release|iPhoneSimulator.Build.0 = Release|Any CPU
		{68726B0B-0956-4727-8ADE-70FDFDAE85DA}.Release|x64.ActiveCfg = Release|Any CPU
		{68726B0B-0956-4727-8ADE-70FDFDAE85DA}.Release|x64.Build.0 = Release|Any CPU
		{68726B0B-0956-4727-8ADE-70FDFDAE85DA}.Release|x86.ActiveCfg = Release|Any CPU
		{68726B0B-0956-4727-8ADE-70FDFDAE85DA}.Release|x86.Build.0 = Release|Any CPU
	EndGlobalSection
	GlobalSection(SolutionProperties) = preSolution
		HideSolutionNode = FALSE
	EndGlobalSection
	GlobalSection(ExtensibilityGlobals) = postSolution
		SolutionGuid = {11B0F012-6F1F-4B52-B7D4-210E46A595DE}
	EndGlobalSection
EndGlobal
